
Microsoft Visual Studio Solution File, Format Version 12.00
# Visual Studio Version 17
VisualStudioVersion = 17.5.002.0
MinimumVisualStudioVersion = 10.0.40219.1
Project("{9A19103F-16F7-4668-BE54-9A1E7A4F7556}") = "Práctica 8", "Práctica 8.csproj", "{62C7E872-6DE1-4FEF-BE47-FF5A5B5ED1D9}"
EndProject
Global
	GlobalSection(SolutionConfigurationPlatforms) = preSolution
		Debug|Any CPU = Debug|Any CPU
		Release|Any CPU = Release|Any CPU
	EndGlobalSection
	GlobalSection(ProjectConfigurationPlatforms) = postSolution
		{62C7E872-6DE1-4FEF-BE47-FF5A5B5ED1D9}.Debug|Any CPU.ActiveCfg = Debug|Any CPU
		{62C7E872-6DE1-4FEF-BE47-FF5A5B5ED1D9}.Debug|Any CPU.Build.0 = Debug|Any CPU
		{62C7E872-6DE1-4FEF-BE47-FF5A5B5ED1D9}.Release|Any CPU.ActiveCfg = Release|Any CPU
		{62C7E872-6DE1-4FEF-BE47-FF5A5B5ED1D9}.Release|Any CPU.Build.0 = Release|Any CPU
	EndGlobalSection
	GlobalSection(SolutionProperties) = preSolution
		HideSolutionNode = FALSE
	EndGlobalSection
	GlobalSection(ExtensibilityGlobals) = postSolution
		SolutionGuid = {1FF0893B-ED95-43DE-A99E-D153318D85F7}
	EndGlobalSection
EndGlobal
